
Microsoft Visual Studio Solution File, Format Version 12.00
# Visual Studio Version 16
VisualStudioVersion = 16.0.32002.261
MinimumVisualStudioVersion = 10.0.40219.1
Project("{FAE04EC0-301F-11D3-BF4B-00C04F79EFBC}") = "ND1", "ND1\ND1.csproj", "{5C19F30A-AA3C-426A-8443-385A2A279DE8}"
EndProject
Global
	GlobalSection(SolutionConfigurationPlatforms) = preSolution
		Debug|Any CPU = Debug|Any CPU
		Release|Any CPU = Release|Any CPU
	EndGlobalSection
	GlobalSection(ProjectConfigurationPlatforms) = postSolution
		{5C19F30A-AA3C-426A-8443-385A2A279DE8}.Debug|Any CPU.ActiveCfg = Debug|Any CPU
		{5C19F30A-AA3C-426A-8443-385A2A279DE8}.Debug|Any CPU.Build.0 = Debug|Any CPU
		{5C19F30A-AA3C-426A-8443-385A2A279DE8}.Release|Any CPU.ActiveCfg = Release|Any CPU
		{5C19F30A-AA3C-426A-8443-385A2A279DE8}.Release|Any CPU.Build.0 = Release|Any CPU
	EndGlobalSection
	GlobalSection(SolutionProperties) = preSolution
		HideSolutionNode = FALSE
	EndGlobalSection
	GlobalSection(ExtensibilityGlobals) = postSolution
		SolutionGuid = {A032F11F-6700-4EC5-A3C3-9D123AEB4320}
	EndGlobalSection
EndGlobal
