
Microsoft Visual Studio Solution File, Format Version 12.00
# Visual Studio Version 16
VisualStudioVersion = 16.0.32002.261
MinimumVisualStudioVersion = 10.0.40219.1
Project("{FAE04EC0-301F-11D3-BF4B-00C04F79EFBC}") = "KepiklaND", "KepiklaND\KepiklaND.csproj", "{534B9D05-9FA3-473F-9B69-DE2ADBE9CD5D}"
EndProject
Global
	GlobalSection(SolutionConfigurationPlatforms) = preSolution
		Debug|Any CPU = Debug|Any CPU
		Release|Any CPU = Release|Any CPU
	EndGlobalSection
	GlobalSection(ProjectConfigurationPlatforms) = postSolution
		{534B9D05-9FA3-473F-9B69-DE2ADBE9CD5D}.Debug|Any CPU.ActiveCfg = Debug|Any CPU
		{534B9D05-9FA3-473F-9B69-DE2ADBE9CD5D}.Debug|Any CPU.Build.0 = Debug|Any CPU
		{534B9D05-9FA3-473F-9B69-DE2ADBE9CD5D}.Release|Any CPU.ActiveCfg = Release|Any CPU
		{534B9D05-9FA3-473F-9B69-DE2ADBE9CD5D}.Release|Any CPU.Build.0 = Release|Any CPU
	EndGlobalSection
	GlobalSection(SolutionProperties) = preSolution
		HideSolutionNode = FALSE
	EndGlobalSection
	GlobalSection(ExtensibilityGlobals) = postSolution
		SolutionGuid = {E283AAC1-AE13-49D4-8BC0-751C7CC99DE0}
	EndGlobalSection
EndGlobal
